
Microsoft Visual Studio Solution File, Format Version 12.00
# Visual Studio Version 17
VisualStudioVersion = 17.2.32519.379
MinimumVisualStudioVersion = 10.0.40219.1
Project("{FAE04EC0-301F-11D3-BF4B-00C04F79EFBC}") = "Unuit 8", "Unuit 8\Unuit 8.csproj", "{0927EB57-2EC5-4D51-8BE9-293C2F45950D}"
EndProject
Global
	GlobalSection(SolutionConfigurationPlatforms) = preSolution
		Debug|Any CPU = Debug|Any CPU
		Release|Any CPU = Release|Any CPU
	EndGlobalSection
	GlobalSection(ProjectConfigurationPlatforms) = postSolution
		{0927EB57-2EC5-4D51-8BE9-293C2F45950D}.Debug|Any CPU.ActiveCfg = Debug|Any CPU
		{0927EB57-2EC5-4D51-8BE9-293C2F45950D}.Debug|Any CPU.Build.0 = Debug|Any CPU
		{0927EB57-2EC5-4D51-8BE9-293C2F45950D}.Release|Any CPU.ActiveCfg = Release|Any CPU
		{0927EB57-2EC5-4D51-8BE9-293C2F45950D}.Release|Any CPU.Build.0 = Release|Any CPU
	EndGlobalSection
	GlobalSection(SolutionProperties) = preSolution
		HideSolutionNode = FALSE
	EndGlobalSection
	GlobalSection(ExtensibilityGlobals) = postSolution
		SolutionGuid = {A0C954E0-A05A-4EE4-9106-869271365582}
	EndGlobalSection
EndGlobal
